{
	"name": "svelte-azure-iodigital",
	"version": "0.0.1",
	"lockfileVersion": 3,
	"requires": true,
	"packages": {
		"": {
			"name": "svelte-azure-iodigital",
			"version": "0.0.1",
			"dependencies": {
				"@auth/core": "^0.5.1",
				"@auth/sveltekit": "^0.3.0",
				"algoliasearch": "^4.16.0",
				"jspdf": "^2.5.1"
			},
			"devDependencies": {
				"@sveltejs/adapter-auto": "^2.0.0",
				"@sveltejs/kit": "^1.5.0",
				"prettier": "^2.8.0",
				"prettier-plugin-svelte": "^2.8.1",
				"svelte": "^3.54.0",
				"vite": "^4.2.0"
			}
		},
		"node_modules/@algolia/cache-browser-local-storage": {
			"version": "4.16.0",
			"resolved": "https://registry.npmjs.org/@algolia/cache-browser-local-storage/-/cache-browser-local-storage-4.16.0.tgz",
			"integrity": "sha512-jVrk0YB3tjOhD5/lhBtYCVCeLjZmVpf2kdi4puApofytf/R0scjWz0GdozlW4HhU+Prxmt/c9ge4QFjtv5OAzQ==",
			"dependencies": {
				"@algolia/cache-common": "4.16.0"
			}
		},
		"node_modules/@algolia/cache-common": {
			"version": "4.16.0",
			"resolved": "https://registry.npmjs.org/@algolia/cache-common/-/cache-common-4.16.0.tgz",
			"integrity": "sha512-4iHjkSYQYw46pITrNQgXXhvUmcekI8INz1m+SzmqLX8jexSSy4Ky4zfGhZzhhhLHXUP3+x/PK/c0qPjxEvRwKQ=="
		},
		"node_modules/@algolia/cache-in-memory": {
			"version": "4.16.0",
			"resolved": "https://registry.npmjs.org/@algolia/cache-in-memory/-/cache-in-memory-4.16.0.tgz",
			"integrity": "sha512-p7RYykvA6Ip6QENxrh99nOD77otVh1sJRivcgcVpnjoZb5sIN3t33eUY1DpB9QSBizcrW+qk19rNkdnZ43a+PQ==",
			"dependencies": {
				"@algolia/cache-common": "4.16.0"
			}
		},
		"node_modules/@algolia/client-account": {
			"version": "4.16.0",
			"resolved": "https://registry.npmjs.org/@algolia/client-account/-/client-account-4.16.0.tgz",
			"integrity": "sha512-eydcfpdIyuWoKgUSz5iZ/L0wE/Wl7958kACkvTHLDNXvK/b8Z1zypoJavh6/km1ZNQmFpeYS2jrmq0kUSFn02w==",
			"dependencies": {
				"@algolia/client-common": "4.16.0",
				"@algolia/client-search": "4.16.0",
				"@algolia/transporter": "4.16.0"
			}
		},
		"node_modules/@algolia/client-analytics": {
			"version": "4.16.0",
			"resolved": "https://registry.npmjs.org/@algolia/client-analytics/-/client-analytics-4.16.0.tgz",
			"integrity": "sha512-cONWXH3BfilgdlCofUm492bJRWtpBLVW/hsUlfoFtiX1u05xoBP7qeiDwh9RR+4pSLHLodYkHAf5U4honQ55Qg==",
			"dependencies": {
				"@algolia/client-common": "4.16.0",
				"@algolia/client-search": "4.16.0",
				"@algolia/requester-common": "4.16.0",
				"@algolia/transporter": "4.16.0"
			}
		},
		"node_modules/@algolia/client-common": {
			"version": "4.16.0",
			"resolved": "https://registry.npmjs.org/@algolia/client-common/-/client-common-4.16.0.tgz",
			"integrity": "sha512-QVdR4019ukBH6f5lFr27W60trRxQF1SfS1qo0IP6gjsKhXhUVJuHxOCA6ArF87jrNkeuHEoRoDU+GlvaecNo8g==",
			"dependencies": {
				"@algolia/requester-common": "4.16.0",
				"@algolia/transporter": "4.16.0"
			}
		},
		"node_modules/@algolia/client-personalization": {
			"version": "4.16.0",
			"resolved": "https://registry.npmjs.org/@algolia/client-personalization/-/client-personalization-4.16.0.tgz",
			"integrity": "sha512-irtLafssDGPuhYqIwxqOxiWlVYvrsBD+EMA1P9VJtkKi3vSNBxiWeQ0f0Tn53cUNdSRNEssfoEH84JL97SV2SQ==",
			"dependencies": {
				"@algolia/client-common": "4.16.0",
				"@algolia/requester-common": "4.16.0",
				"@algolia/transporter": "4.16.0"
			}
		},
		"node_modules/@algolia/client-search": {
			"version": "4.16.0",
			"resolved": "https://registry.npmjs.org/@algolia/client-search/-/client-search-4.16.0.tgz",
			"integrity": "sha512-xsfrAE1jO/JDh1wFrRz+alVyW+aA6qnkzmbWWWZWEgVF3EaFqzIf9r1l/aDtDdBtNTNhX9H3Lg31+BRtd5izQA==",
			"dependencies": {
				"@algolia/client-common": "4.16.0",
				"@algolia/requester-common": "4.16.0",
				"@algolia/transporter": "4.16.0"
			}
		},
		"node_modules/@algolia/logger-common": {
			"version": "4.16.0",
			"resolved": "https://registry.npmjs.org/@algolia/logger-common/-/logger-common-4.16.0.tgz",
			"integrity": "sha512-U9H8uCzSDuePJmbnjjTX21aPDRU6x74Tdq3dJmdYu2+pISx02UeBJm4kSgc9RW5jcR5j35G9gnjHY9Q3ngWbyQ=="
		},
		"node_modules/@algolia/logger-console": {
			"version": "4.16.0",
			"resolved": "https://registry.npmjs.org/@algolia/logger-console/-/logger-console-4.16.0.tgz",
			"integrity": "sha512-+qymusiM+lPZKrkf0tDjCQA158eEJO2IU+Nr/sJ9TFyI/xkFPjNPzw/Qbc8Iy/xcOXGlc6eMgmyjtVQqAWq6UA==",
			"dependencies": {
				"@algolia/logger-common": "4.16.0"
			}
		},
		"node_modules/@algolia/requester-browser-xhr": {
			"version": "4.16.0",
			"resolved": "https://registry.npmjs.org/@algolia/requester-browser-xhr/-/requester-browser-xhr-4.16.0.tgz",
			"integrity": "sha512-gK+kvs6LHl/PaOJfDuwjkopNbG1djzFLsVBklGBsSU6h6VjFkxIpo6Qq80IK14p9cplYZfhfaL12va6Q9p3KVQ==",
			"dependencies": {
				"@algolia/requester-common": "4.16.0"
			}
		},
		"node_modules/@algolia/requester-common": {
			"version": "4.16.0",
			"resolved": "https://registry.npmjs.org/@algolia/requester-common/-/requester-common-4.16.0.tgz",
			"integrity": "sha512-3Zmcs/iMubcm4zqZ3vZG6Zum8t+hMWxGMzo0/uY2BD8o9q5vMxIYI0c4ocdgQjkXcix189WtZNkgjSOBzSbkdw=="
		},
		"node_modules/@algolia/requester-node-http": {
			"version": "4.16.0",
			"resolved": "https://registry.npmjs.org/@algolia/requester-node-http/-/requester-node-http-4.16.0.tgz",
			"integrity": "sha512-L8JxM2VwZzh8LJ1Zb8TFS6G3icYsCKZsdWW+ahcEs1rGWmyk9SybsOe1MLnjonGBaqPWJkn9NjS7mRdjEmBtKA==",
			"dependencies": {
				"@algolia/requester-common": "4.16.0"
			}
		},
		"node_modules/@algolia/transporter": {
			"version": "4.16.0",
			"resolved": "https://registry.npmjs.org/@algolia/transporter/-/transporter-4.16.0.tgz",
			"integrity": "sha512-H9BVB2EAjT65w7XGBNf5drpsW39x2aSZ942j4boSAAJPPlLmjtj5IpAP7UAtsV8g9Beslonh0bLa1XGmE/P0BA==",
			"dependencies": {
				"@algolia/cache-common": "4.16.0",
				"@algolia/logger-common": "4.16.0",
				"@algolia/requester-common": "4.16.0"
			}
		},
		"node_modules/@auth/core": {
			"version": "0.5.1",
			"resolved": "https://registry.npmjs.org/@auth/core/-/core-0.5.1.tgz",
			"integrity": "sha512-t9z8F7dkuVceKWBmMy1fd2t6H+vfRju/YJ1lm+6RnJ7pNEvX5qMR874wg0+cYbWvyZazLi8fFK/FA6I3D5sSkA==",
			"dependencies": {
				"@panva/hkdf": "^1.0.4",
				"cookie": "0.5.0",
				"jose": "^4.11.1",
				"oauth4webapi": "^2.0.6",
				"preact": "10.11.3",
				"preact-render-to-string": "5.2.3"
			},
			"peerDependencies": {
				"nodemailer": "^6.8.0"
			},
			"peerDependenciesMeta": {
				"nodemailer": {
					"optional": true
				}
			}
		},
		"node_modules/@auth/sveltekit": {
			"version": "0.3.0",
			"resolved": "https://registry.npmjs.org/@auth/sveltekit/-/sveltekit-0.3.0.tgz",
			"integrity": "sha512-J9uwaKadzPaQMYec9CYpa9WAjV5EIMEhj4vTuJH6HTp2FJOOJQB5t19WqWv9rYzBVm2rBTPPplQXPI5UKOvg4Q==",
			"dependencies": {
				"@auth/core": "0.5.1"
			},
			"peerDependencies": {
				"@sveltejs/kit": "^1.0.0",
				"svelte": "^3.54.0"
			}
		},
		"node_modules/@babel/runtime": {
			"version": "7.21.0",
			"resolved": "https://registry.npmjs.org/@babel/runtime/-/runtime-7.21.0.tgz",
			"integrity": "sha512-xwII0//EObnq89Ji5AKYQaRYiW/nZ3llSv29d49IuxPhKbtJoLP+9QUUZ4nVragQVtaVGeZrpB+ZtG/Pdy/POw==",
			"dependencies": {
				"regenerator-runtime": "^0.13.11"
			},
			"engines": {
				"node": ">=6.9.0"
			}
		},
		"node_modules/@esbuild/android-arm": {
			"version": "0.17.14",
			"resolved": "https://registry.npmjs.org/@esbuild/android-arm/-/android-arm-0.17.14.tgz",
			"integrity": "sha512-0CnlwnjDU8cks0yJLXfkaU/uoLyRf9VZJs4p1PskBr2AlAHeEsFEwJEo0of/Z3g+ilw5mpyDwThlxzNEIxOE4g==",
			"cpu": [
				"arm"
			],
			"optional": true,
			"os": [
				"android"
			],
			"engines": {
				"node": ">=12"
			}
		},
		"node_modules/@esbuild/android-arm64": {
			"version": "0.17.14",
			"resolved": "https://registry.npmjs.org/@esbuild/android-arm64/-/android-arm64-0.17.14.tgz",
			"integrity": "sha512-eLOpPO1RvtsP71afiFTvS7tVFShJBCT0txiv/xjFBo5a7R7Gjw7X0IgIaFoLKhqXYAXhahoXm7qAmRXhY4guJg==",
			"cpu": [
				"arm64"
			],
			"optional": true,
			"os": [
				"android"
			],
			"engines": {
				"node": ">=12"
			}
		},
		"node_modules/@esbuild/android-x64": {
			"version": "0.17.14",
			"resolved": "https://registry.npmjs.org/@esbuild/android-x64/-/android-x64-0.17.14.tgz",
			"integrity": "sha512-nrfQYWBfLGfSGLvRVlt6xi63B5IbfHm3tZCdu/82zuFPQ7zez4XjmRtF/wIRYbJQ/DsZrxJdEvYFE67avYXyng==",
			"cpu": [
				"x64"
			],
			"optional": true,
			"os": [
				"android"
			],
			"engines": {
				"node": ">=12"
			}
		},
		"node_modules/@esbuild/darwin-arm64": {
			"version": "0.17.14",
			"resolved": "https://registry.npmjs.org/@esbuild/darwin-arm64/-/darwin-arm64-0.17.14.tgz",
			"integrity": "sha512-eoSjEuDsU1ROwgBH/c+fZzuSyJUVXQTOIN9xuLs9dE/9HbV/A5IqdXHU1p2OfIMwBwOYJ9SFVGGldxeRCUJFyw==",
			"cpu": [
				"arm64"
			],
			"optional": true,
			"os": [
				"darwin"
			],
			"engines": {
				"node": ">=12"
			}
		},
		"node_modules/@esbuild/darwin-x64": {
			"version": "0.17.14",
			"resolved": "https://registry.npmjs.org/@esbuild/darwin-x64/-/darwin-x64-0.17.14.tgz",
			"integrity": "sha512-zN0U8RWfrDttdFNkHqFYZtOH8hdi22z0pFm0aIJPsNC4QQZv7je8DWCX5iA4Zx6tRhS0CCc0XC2m7wKsbWEo5g==",
			"cpu": [
				"x64"
			],
			"optional": true,
			"os": [
				"darwin"
			],
			"engines": {
				"node": ">=12"
			}
		},
		"node_modules/@esbuild/freebsd-arm64": {
			"version": "0.17.14",
			"resolved": "https://registry.npmjs.org/@esbuild/freebsd-arm64/-/freebsd-arm64-0.17.14.tgz",
			"integrity": "sha512-z0VcD4ibeZWVQCW1O7szaLxGsx54gcCnajEJMdYoYjLiq4g1jrP2lMq6pk71dbS5+7op/L2Aod+erw+EUr28/A==",
			"cpu": [
				"arm64"
			],
			"optional": true,
			"os": [
				"freebsd"
			],
			"engines": {
				"node": ">=12"
			}
		},
		"node_modules/@esbuild/freebsd-x64": {
			"version": "0.17.14",
			"resolved": "https://registry.npmjs.org/@esbuild/freebsd-x64/-/freebsd-x64-0.17.14.tgz",
			"integrity": "sha512-hd9mPcxfTgJlolrPlcXkQk9BMwNBvNBsVaUe5eNUqXut6weDQH8whcNaKNF2RO8NbpT6GY8rHOK2A9y++s+ehw==",
			"cpu": [
				"x64"
			],
			"optional": true,
			"os": [
				"freebsd"
			],
			"engines": {
				"node": ">=12"
			}
		},
		"node_modules/@esbuild/linux-arm": {
			"version": "0.17.14",
			"resolved": "https://registry.npmjs.org/@esbuild/linux-arm/-/linux-arm-0.17.14.tgz",
			"integrity": "sha512-BNTl+wSJ1omsH8s3TkQmIIIQHwvwJrU9u1ggb9XU2KTVM4TmthRIVyxSp2qxROJHhZuW/r8fht46/QE8hU8Qvg==",
			"cpu": [
				"arm"
			],
			"optional": true,
			"os": [
				"linux"
			],
			"engines": {
				"node": ">=12"
			}
		},
		"node_modules/@esbuild/linux-arm64": {
			"version": "0.17.14",
			"resolved": "https://registry.npmjs.org/@esbuild/linux-arm64/-/linux-arm64-0.17.14.tgz",
			"integrity": "sha512-FhAMNYOq3Iblcj9i+K0l1Fp/MHt+zBeRu/Qkf0LtrcFu3T45jcwB6A1iMsemQ42vR3GBhjNZJZTaCe3VFPbn9g==",
			"cpu": [
				"arm64"
			],
			"optional": true,
			"os": [
				"linux"
			],
			"engines": {
				"node": ">=12"
			}
		},
		"node_modules/@esbuild/linux-ia32": {
			"version": "0.17.14",
			"resolved": "https://registry.npmjs.org/@esbuild/linux-ia32/-/linux-ia32-0.17.14.tgz",
			"integrity": "sha512-91OK/lQ5y2v7AsmnFT+0EyxdPTNhov3y2CWMdizyMfxSxRqHazXdzgBKtlmkU2KYIc+9ZK3Vwp2KyXogEATYxQ==",
			"cpu": [
				"ia32"
			],
			"optional": true,
			"os": [
				"linux"
			],
			"engines": {
				"node": ">=12"
			}
		},
		"node_modules/@esbuild/linux-loong64": {
			"version": "0.17.14",
			"resolved": "https://registry.npmjs.org/@esbuild/linux-loong64/-/linux-loong64-0.17.14.tgz",
			"integrity": "sha512-vp15H+5NR6hubNgMluqqKza85HcGJgq7t6rMH7O3Y6ApiOWPkvW2AJfNojUQimfTp6OUrACUXfR4hmpcENXoMQ==",
			"cpu": [
				"loong64"
			],
			"optional": true,
			"os": [
				"linux"
			],
			"engines": {
				"node": ">=12"
			}
		},
		"node_modules/@esbuild/linux-mips64el": {
			"version": "0.17.14",
			"resolved": "https://registry.npmjs.org/@esbuild/linux-mips64el/-/linux-mips64el-0.17.14.tgz",
			"integrity": "sha512-90TOdFV7N+fgi6c2+GO9ochEkmm9kBAKnuD5e08GQMgMINOdOFHuYLPQ91RYVrnWwQ5683sJKuLi9l4SsbJ7Hg==",
			"cpu": [
				"mips64el"
			],
			"optional": true,
			"os": [
				"linux"
			],
			"engines": {
				"node": ">=12"
			}
		},
		"node_modules/@esbuild/linux-ppc64": {
			"version": "0.17.14",
			"resolved": "https://registry.npmjs.org/@esbuild/linux-ppc64/-/linux-ppc64-0.17.14.tgz",
			"integrity": "sha512-NnBGeoqKkTugpBOBZZoktQQ1Yqb7aHKmHxsw43NddPB2YWLAlpb7THZIzsRsTr0Xw3nqiPxbA1H31ZMOG+VVPQ==",
			"cpu": [
				"ppc64"
			],
			"optional": true,
			"os": [
				"linux"
			],
			"engines": {
				"node": ">=12"
			}
		},
		"node_modules/@esbuild/linux-riscv64": {
			"version": "0.17.14",
			"resolved": "https://registry.npmjs.org/@esbuild/linux-riscv64/-/linux-riscv64-0.17.14.tgz",
			"integrity": "sha512-0qdlKScLXA8MGVy21JUKvMzCYWovctuP8KKqhtE5A6IVPq4onxXhSuhwDd2g5sRCzNDlDjitc5sX31BzDoL5Fw==",
			"cpu": [
				"riscv64"
			],
			"optional": true,
			"os": [
				"linux"
			],
			"engines": {
				"node": ">=12"
			}
		},
		"node_modules/@esbuild/linux-s390x": {
			"version": "0.17.14",
			"resolved": "https://registry.npmjs.org/@esbuild/linux-s390x/-/linux-s390x-0.17.14.tgz",
			"integrity": "sha512-Hdm2Jo1yaaOro4v3+6/zJk6ygCqIZuSDJHdHaf8nVH/tfOuoEX5Riv03Ka15LmQBYJObUTNS1UdyoMk0WUn9Ww==",
			"cpu": [
				"s390x"
			],
			"optional": true,
			"os": [
				"linux"
			],
			"engines": {
				"node": ">=12"
			}
		},
		"node_modules/@esbuild/linux-x64": {
			"version": "0.17.14",
			"resolved": "https://registry.npmjs.org/@esbuild/linux-x64/-/linux-x64-0.17.14.tgz",
			"integrity": "sha512-8KHF17OstlK4DuzeF/KmSgzrTWQrkWj5boluiiq7kvJCiQVzUrmSkaBvcLB2UgHpKENO2i6BthPkmUhNDaJsVw==",
			"cpu": [
				"x64"
			],
			"optional": true,
			"os": [
				"linux"
			],
			"engines": {
				"node": ">=12"
			}
		},
		"node_modules/@esbuild/netbsd-x64": {
			"version": "0.17.14",
			"resolved": "https://registry.npmjs.org/@esbuild/netbsd-x64/-/netbsd-x64-0.17.14.tgz",
			"integrity": "sha512-nVwpqvb3yyXztxIT2+VsxJhB5GCgzPdk1n0HHSnchRAcxqKO6ghXwHhJnr0j/B+5FSyEqSxF4q03rbA2fKXtUQ==",
			"cpu": [
				"x64"
			],
			"optional": true,
			"os": [
				"netbsd"
			],
			"engines": {
				"node": ">=12"
			}
		},
		"node_modules/@esbuild/openbsd-x64": {
			"version": "0.17.14",
			"resolved": "https://registry.npmjs.org/@esbuild/openbsd-x64/-/openbsd-x64-0.17.14.tgz",
			"integrity": "sha512-1RZ7uQQ9zcy/GSAJL1xPdN7NDdOOtNEGiJalg/MOzeakZeTrgH/DoCkbq7TaPDiPhWqnDF+4bnydxRqQD7il6g==",
			"cpu": [
				"x64"
			],
			"optional": true,
			"os": [
				"openbsd"
			],
			"engines": {
				"node": ">=12"
			}
		},
		"node_modules/@esbuild/sunos-x64": {
			"version": "0.17.14",
			"resolved": "https://registry.npmjs.org/@esbuild/sunos-x64/-/sunos-x64-0.17.14.tgz",
			"integrity": "sha512-nqMjDsFwv7vp7msrwWRysnM38Sd44PKmW8EzV01YzDBTcTWUpczQg6mGao9VLicXSgW/iookNK6AxeogNVNDZA==",
			"cpu": [
				"x64"
			],
			"optional": true,
			"os": [
				"sunos"
			],
			"engines": {
				"node": ">=12"
			}
		},
		"node_modules/@esbuild/win32-arm64": {
			"version": "0.17.14",
			"resolved": "https://registry.npmjs.org/@esbuild/win32-arm64/-/win32-arm64-0.17.14.tgz",
			"integrity": "sha512-xrD0mccTKRBBIotrITV7WVQAwNJ5+1va6L0H9zN92v2yEdjfAN7864cUaZwJS7JPEs53bDTzKFbfqVlG2HhyKQ==",
			"cpu": [
				"arm64"
			],
			"optional": true,
			"os": [
				"win32"
			],
			"engines": {
				"node": ">=12"
			}
		},
		"node_modules/@esbuild/win32-ia32": {
			"version": "0.17.14",
			"resolved": "https://registry.npmjs.org/@esbuild/win32-ia32/-/win32-ia32-0.17.14.tgz",
			"integrity": "sha512-nXpkz9bbJrLLyUTYtRotSS3t5b+FOuljg8LgLdINWFs3FfqZMtbnBCZFUmBzQPyxqU87F8Av+3Nco/M3hEcu1w==",
			"cpu": [
				"ia32"
			],
			"optional": true,
			"os": [
				"win32"
			],
			"engines": {
				"node": ">=12"
			}
		},
		"node_modules/@esbuild/win32-x64": {
			"version": "0.17.14",
			"resolved": "https://registry.npmjs.org/@esbuild/win32-x64/-/win32-x64-0.17.14.tgz",
			"integrity": "sha512-gPQmsi2DKTaEgG14hc3CHXHp62k8g6qr0Pas+I4lUxRMugGSATh/Bi8Dgusoz9IQ0IfdrvLpco6kujEIBoaogA==",
			"cpu": [
				"x64"
			],
			"optional": true,
			"os": [
				"win32"
			],
			"engines": {
				"node": ">=12"
			}
		},
		"node_modules/@jridgewell/sourcemap-codec": {
			"version": "1.4.14",
			"resolved": "https://registry.npmjs.org/@jridgewell/sourcemap-codec/-/sourcemap-codec-1.4.14.tgz",
			"integrity": "sha512-XPSJHWmi394fuUuzDnGz1wiKqWfo1yXecHQMRf2l6hztTO+nPru658AyDngaBe7isIxEkRsPR3FZh+s7iVa4Uw=="
		},
		"node_modules/@panva/hkdf": {
			"version": "1.0.4",
			"resolved": "https://registry.npmjs.org/@panva/hkdf/-/hkdf-1.0.4.tgz",
			"integrity": "sha512-003xWiCuvePbLaPHT+CRuaV4GlyCAVm6XYSbBZDHoWZGn1mNkVKFaDbGJjjxmEFvizUwlCoM6O18FCBMMky2zQ==",
			"funding": {
				"url": "https://github.com/sponsors/panva"
			}
		},
		"node_modules/@polka/url": {
			"version": "1.0.0-next.21",
			"resolved": "https://registry.npmjs.org/@polka/url/-/url-1.0.0-next.21.tgz",
			"integrity": "sha512-a5Sab1C4/icpTZVzZc5Ghpz88yQtGOyNqYXcZgOssB2uuAr+wF/MvN6bgtW32q7HHrvBki+BsZ0OuNv6EV3K9g=="
		},
		"node_modules/@sveltejs/adapter-auto": {
			"version": "2.0.0",
			"resolved": "https://registry.npmjs.org/@sveltejs/adapter-auto/-/adapter-auto-2.0.0.tgz",
			"integrity": "sha512-b+gkHFZgD771kgV3aO4avHFd7y1zhmMYy9i6xOK7m/rwmwaRO8gnF5zBc0Rgca80B2PMU1bKNxyBTHA14OzUAQ==",
			"dev": true,
			"dependencies": {
				"import-meta-resolve": "^2.2.0"
			},
			"peerDependencies": {
				"@sveltejs/kit": "^1.0.0"
			}
		},
		"node_modules/@sveltejs/kit": {
			"version": "1.15.1",
			"resolved": "https://registry.npmjs.org/@sveltejs/kit/-/kit-1.15.1.tgz",
			"integrity": "sha512-Wexy3N+COoClTuRawVJRbLoH5HFxNrXG3uoHt/Yd5IGx8WAcJM9Nj/CcBLw/tjCR9uDDYMnx27HxuPy3YIYQUA==",
			"hasInstallScript": true,
			"dependencies": {
				"@sveltejs/vite-plugin-svelte": "^2.0.0",
				"@types/cookie": "^0.5.1",
				"cookie": "^0.5.0",
				"devalue": "^4.3.0",
				"esm-env": "^1.0.0",
				"kleur": "^4.1.5",
				"magic-string": "^0.30.0",
				"mime": "^3.0.0",
				"sade": "^1.8.1",
				"set-cookie-parser": "^2.5.1",
				"sirv": "^2.0.2",
				"tiny-glob": "^0.2.9",
				"undici": "5.20.0"
			},
			"bin": {
				"svelte-kit": "svelte-kit.js"
			},
			"engines": {
				"node": "^16.14 || >=18"
			},
			"peerDependencies": {
				"svelte": "^3.54.0",
				"vite": "^4.0.0"
			}
		},
		"node_modules/@sveltejs/vite-plugin-svelte": {
			"version": "2.0.3",
			"resolved": "https://registry.npmjs.org/@sveltejs/vite-plugin-svelte/-/vite-plugin-svelte-2.0.3.tgz",
			"integrity": "sha512-o+cguBFdwIGtRbNkYOyqTM7KvRUffxh5bfK4oJsWKG2obu+v/cbpT03tJrGl58C7tRXo/aEC0/axN5FVHBj0nA==",
			"dependencies": {
				"debug": "^4.3.4",
				"deepmerge": "^4.3.0",
				"kleur": "^4.1.5",
				"magic-string": "^0.29.0",
				"svelte-hmr": "^0.15.1",
				"vitefu": "^0.2.4"
			},
			"engines": {
				"node": "^14.18.0 || >= 16"
			},
			"peerDependencies": {
				"svelte": "^3.54.0",
				"vite": "^4.0.0"
			}
		},
		"node_modules/@sveltejs/vite-plugin-svelte/node_modules/magic-string": {
			"version": "0.29.0",
			"resolved": "https://registry.npmjs.org/magic-string/-/magic-string-0.29.0.tgz",
			"integrity": "sha512-WcfidHrDjMY+eLjlU+8OvwREqHwpgCeKVBUpQ3OhYYuvfaYCUgcbuBzappNzZvg/v8onU3oQj+BYpkOJe9Iw4Q==",
			"dependencies": {
				"@jridgewell/sourcemap-codec": "^1.4.13"
			},
			"engines": {
				"node": ">=12"
			}
		},
		"node_modules/@types/cookie": {
			"version": "0.5.1",
			"resolved": "https://registry.npmjs.org/@types/cookie/-/cookie-0.5.1.tgz",
			"integrity": "sha512-COUnqfB2+ckwXXSFInsFdOAWQzCCx+a5hq2ruyj+Vjund94RJQd4LG2u9hnvJrTgunKAaax7ancBYlDrNYxA0g=="
		},
		"node_modules/@types/raf": {
			"version": "3.4.0",
			"resolved": "https://registry.npmjs.org/@types/raf/-/raf-3.4.0.tgz",
			"integrity": "sha512-taW5/WYqo36N7V39oYyHP9Ipfd5pNFvGTIQsNGj86xV88YQ7GnI30/yMfKDF7Zgin0m3e+ikX88FvImnK4RjGw==",
			"optional": true
		},
		"node_modules/algoliasearch": {
			"version": "4.16.0",
			"resolved": "https://registry.npmjs.org/algoliasearch/-/algoliasearch-4.16.0.tgz",
			"integrity": "sha512-HAjKJ6bBblaXqO4dYygF4qx251GuJ6zCZt+qbJ+kU7sOC+yc84pawEjVpJByh+cGP2APFCsao2Giz50cDlKNPA==",
			"dependencies": {
				"@algolia/cache-browser-local-storage": "4.16.0",
				"@algolia/cache-common": "4.16.0",
				"@algolia/cache-in-memory": "4.16.0",
				"@algolia/client-account": "4.16.0",
				"@algolia/client-analytics": "4.16.0",
				"@algolia/client-common": "4.16.0",
				"@algolia/client-personalization": "4.16.0",
				"@algolia/client-search": "4.16.0",
				"@algolia/logger-common": "4.16.0",
				"@algolia/logger-console": "4.16.0",
				"@algolia/requester-browser-xhr": "4.16.0",
				"@algolia/requester-common": "4.16.0",
				"@algolia/requester-node-http": "4.16.0",
				"@algolia/transporter": "4.16.0"
			}
		},
		"node_modules/atob": {
			"version": "2.1.2",
			"resolved": "https://registry.npmjs.org/atob/-/atob-2.1.2.tgz",
			"integrity": "sha512-Wm6ukoaOGJi/73p/cl2GvLjTI5JM1k/O14isD73YML8StrH/7/lRFgmg8nICZgD3bZZvjwCGxtMOD3wWNAu8cg==",
			"bin": {
				"atob": "bin/atob.js"
			},
			"engines": {
				"node": ">= 4.5.0"
			}
		},
		"node_modules/base64-arraybuffer": {
			"version": "1.0.2",
			"resolved": "https://registry.npmjs.org/base64-arraybuffer/-/base64-arraybuffer-1.0.2.tgz",
			"integrity": "sha512-I3yl4r9QB5ZRY3XuJVEPfc2XhZO6YweFPI+UovAzn+8/hb3oJ6lnysaFcjVpkCPfVWFUDvoZ8kmVDP7WyRtYtQ==",
			"optional": true,
			"engines": {
				"node": ">= 0.6.0"
			}
		},
		"node_modules/btoa": {
			"version": "1.2.1",
			"resolved": "https://registry.npmjs.org/btoa/-/btoa-1.2.1.tgz",
			"integrity": "sha512-SB4/MIGlsiVkMcHmT+pSmIPoNDoHg+7cMzmt3Uxt628MTz2487DKSqK/fuhFBrkuqrYv5UCEnACpF4dTFNKc/g==",
			"bin": {
				"btoa": "bin/btoa.js"
			},
			"engines": {
				"node": ">= 0.4.0"
			}
		},
		"node_modules/busboy": {
			"version": "1.6.0",
			"resolved": "https://registry.npmjs.org/busboy/-/busboy-1.6.0.tgz",
			"integrity": "sha512-8SFQbg/0hQ9xy3UNTB0YEnsNBbWfhf7RtnzpL7TkBiTBRfrQ9Fxcnz7VJsleJpyp6rVLvXiuORqjlHi5q+PYuA==",
			"dependencies": {
				"streamsearch": "^1.1.0"
			},
			"engines": {
				"node": ">=10.16.0"
			}
		},
		"node_modules/canvg": {
			"version": "3.0.10",
			"resolved": "https://registry.npmjs.org/canvg/-/canvg-3.0.10.tgz",
			"integrity": "sha512-qwR2FRNO9NlzTeKIPIKpnTY6fqwuYSequ8Ru8c0YkYU7U0oW+hLUvWadLvAu1Rl72OMNiFhoLu4f8eUjQ7l/+Q==",
			"optional": true,
			"dependencies": {
				"@babel/runtime": "^7.12.5",
				"@types/raf": "^3.4.0",
				"core-js": "^3.8.3",
				"raf": "^3.4.1",
				"regenerator-runtime": "^0.13.7",
				"rgbcolor": "^1.0.1",
				"stackblur-canvas": "^2.0.0",
				"svg-pathdata": "^6.0.3"
			},
			"engines": {
				"node": ">=10.0.0"
			}
		},
		"node_modules/cookie": {
			"version": "0.5.0",
			"resolved": "https://registry.npmjs.org/cookie/-/cookie-0.5.0.tgz",
			"integrity": "sha512-YZ3GUyn/o8gfKJlnlX7g7xq4gyO6OSuhGPKaaGssGB2qgDUS0gPgtTvoyZLTt9Ab6dC4hfc9dV5arkvc/OCmrw==",
			"engines": {
				"node": ">= 0.6"
			}
		},
		"node_modules/core-js": {
			"version": "3.29.1",
			"resolved": "https://registry.npmjs.org/core-js/-/core-js-3.29.1.tgz",
			"integrity": "sha512-+jwgnhg6cQxKYIIjGtAHq2nwUOolo9eoFZ4sHfUH09BLXBgxnH4gA0zEd+t+BO2cNB8idaBtZFcFTRjQJRJmAw==",
			"hasInstallScript": true,
			"optional": true,
			"funding": {
				"type": "opencollective",
				"url": "https://opencollective.com/core-js"
			}
		},
		"node_modules/css-line-break": {
			"version": "2.1.0",
			"resolved": "https://registry.npmjs.org/css-line-break/-/css-line-break-2.1.0.tgz",
			"integrity": "sha512-FHcKFCZcAha3LwfVBhCQbW2nCNbkZXn7KVUJcsT5/P8YmfsVja0FMPJr0B903j/E69HUphKiV9iQArX8SDYA4w==",
			"optional": true,
			"dependencies": {
				"utrie": "^1.0.2"
			}
		},
		"node_modules/debug": {
			"version": "4.3.4",
			"resolved": "https://registry.npmjs.org/debug/-/debug-4.3.4.tgz",
			"integrity": "sha512-PRWFHuSU3eDtQJPvnNY7Jcket1j0t5OuOsFzPPzsekD52Zl8qUfFIPEiswXqIvHWGVHOgX+7G/vCNNhehwxfkQ==",
			"dependencies": {
				"ms": "2.1.2"
			},
			"engines": {
				"node": ">=6.0"
			},
			"peerDependenciesMeta": {
				"supports-color": {
					"optional": true
				}
			}
		},
		"node_modules/deepmerge": {
			"version": "4.3.1",
			"resolved": "https://registry.npmjs.org/deepmerge/-/deepmerge-4.3.1.tgz",
			"integrity": "sha512-3sUqbMEc77XqpdNO7FRyRog+eW3ph+GYCbj+rK+uYyRMuwsVy0rMiVtPn+QJlKFvWP/1PYpapqYn0Me2knFn+A==",
			"engines": {
				"node": ">=0.10.0"
			}
		},
		"node_modules/devalue": {
			"version": "4.3.0",
			"resolved": "https://registry.npmjs.org/devalue/-/devalue-4.3.0.tgz",
			"integrity": "sha512-n94yQo4LI3w7erwf84mhRUkUJfhLoCZiLyoOZ/QFsDbcWNZePrLwbQpvZBUG2TNxwV3VjCKPxkiiQA6pe3TrTA=="
		},
		"node_modules/dompurify": {
			"version": "2.4.5",
			"resolved": "https://registry.npmjs.org/dompurify/-/dompurify-2.4.5.tgz",
			"integrity": "sha512-jggCCd+8Iqp4Tsz0nIvpcb22InKEBrGz5dw3EQJMs8HPJDsKbFIO3STYtAvCfDx26Muevn1MHVI0XxjgFfmiSA==",
			"optional": true
		},
		"node_modules/esbuild": {
			"version": "0.17.14",
			"resolved": "https://registry.npmjs.org/esbuild/-/esbuild-0.17.14.tgz",
			"integrity": "sha512-vOO5XhmVj/1XQR9NQ1UPq6qvMYL7QFJU57J5fKBKBKxp17uDt5PgxFDb4A2nEiXhr1qQs4x0F5+66hVVw4ruNw==",
			"hasInstallScript": true,
			"bin": {
				"esbuild": "bin/esbuild"
			},
			"engines": {
				"node": ">=12"
			},
			"optionalDependencies": {
				"@esbuild/android-arm": "0.17.14",
				"@esbuild/android-arm64": "0.17.14",
				"@esbuild/android-x64": "0.17.14",
				"@esbuild/darwin-arm64": "0.17.14",
				"@esbuild/darwin-x64": "0.17.14",
				"@esbuild/freebsd-arm64": "0.17.14",
				"@esbuild/freebsd-x64": "0.17.14",
				"@esbuild/linux-arm": "0.17.14",
				"@esbuild/linux-arm64": "0.17.14",
				"@esbuild/linux-ia32": "0.17.14",
				"@esbuild/linux-loong64": "0.17.14",
				"@esbuild/linux-mips64el": "0.17.14",
				"@esbuild/linux-ppc64": "0.17.14",
				"@esbuild/linux-riscv64": "0.17.14",
				"@esbuild/linux-s390x": "0.17.14",
				"@esbuild/linux-x64": "0.17.14",
				"@esbuild/netbsd-x64": "0.17.14",
				"@esbuild/openbsd-x64": "0.17.14",
				"@esbuild/sunos-x64": "0.17.14",
				"@esbuild/win32-arm64": "0.17.14",
				"@esbuild/win32-ia32": "0.17.14",
				"@esbuild/win32-x64": "0.17.14"
			}
		},
		"node_modules/esm-env": {
			"version": "1.0.0",
			"resolved": "https://registry.npmjs.org/esm-env/-/esm-env-1.0.0.tgz",
			"integrity": "sha512-Cf6VksWPsTuW01vU9Mk/3vRue91Zevka5SjyNf3nEpokFRuqt/KjUQoGAwq9qMmhpLTHmXzSIrFRw8zxWzmFBA=="
		},
		"node_modules/fflate": {
			"version": "0.4.8",
			"resolved": "https://registry.npmjs.org/fflate/-/fflate-0.4.8.tgz",
			"integrity": "sha512-FJqqoDBR00Mdj9ppamLa/Y7vxm+PRmNWA67N846RvsoYVMKB4q3y/de5PA7gUmRMYK/8CMz2GDZQmCRN1wBcWA=="
		},
		"node_modules/fsevents": {
			"version": "2.3.2",
			"resolved": "https://registry.npmjs.org/fsevents/-/fsevents-2.3.2.tgz",
			"integrity": "sha512-xiqMQR4xAeHTuB9uWm+fFRcIOgKBMiOBP+eXiyT7jsgVCq1bkVygt00oASowB7EdtpOHaaPgKt812P9ab+DDKA==",
			"hasInstallScript": true,
			"optional": true,
			"os": [
				"darwin"
			],
			"engines": {
				"node": "^8.16.0 || ^10.6.0 || >=11.0.0"
			}
		},
		"node_modules/function-bind": {
			"version": "1.1.1",
			"resolved": "https://registry.npmjs.org/function-bind/-/function-bind-1.1.1.tgz",
			"integrity": "sha512-yIovAzMX49sF8Yl58fSCWJ5svSLuaibPxXQJFLmBObTuCr0Mf1KiPopGM9NiFjiYBCbfaa2Fh6breQ6ANVTI0A=="
		},
		"node_modules/globalyzer": {
			"version": "0.1.0",
			"resolved": "https://registry.npmjs.org/globalyzer/-/globalyzer-0.1.0.tgz",
			"integrity": "sha512-40oNTM9UfG6aBmuKxk/giHn5nQ8RVz/SS4Ir6zgzOv9/qC3kKZ9v4etGTcJbEl/NyVQH7FGU7d+X1egr57Md2Q=="
		},
		"node_modules/globrex": {
			"version": "0.1.2",
			"resolved": "https://registry.npmjs.org/globrex/-/globrex-0.1.2.tgz",
			"integrity": "sha512-uHJgbwAMwNFf5mLst7IWLNg14x1CkeqglJb/K3doi4dw6q2IvAAmM/Y81kevy83wP+Sst+nutFTYOGg3d1lsxg=="
		},
		"node_modules/has": {
			"version": "1.0.3",
			"resolved": "https://registry.npmjs.org/has/-/has-1.0.3.tgz",
			"integrity": "sha512-f2dvO0VU6Oej7RkWJGrehjbzMAjFp5/VKPp5tTpWIV4JHHZK1/BxbFRtf/siA2SWTe09caDmVtYYzWEIbBS4zw==",
			"dependencies": {
				"function-bind": "^1.1.1"
			},
			"engines": {
				"node": ">= 0.4.0"
			}
		},
		"node_modules/html2canvas": {
			"version": "1.4.1",
			"resolved": "https://registry.npmjs.org/html2canvas/-/html2canvas-1.4.1.tgz",
			"integrity": "sha512-fPU6BHNpsyIhr8yyMpTLLxAbkaK8ArIBcmZIRiBLiDhjeqvXolaEmDGmELFuX9I4xDcaKKcJl+TKZLqruBbmWA==",
			"optional": true,
			"dependencies": {
				"css-line-break": "^2.1.0",
				"text-segmentation": "^1.0.3"
			},
			"engines": {
				"node": ">=8.0.0"
			}
		},
		"node_modules/import-meta-resolve": {
			"version": "2.2.2",
			"resolved": "https://registry.npmjs.org/import-meta-resolve/-/import-meta-resolve-2.2.2.tgz",
			"integrity": "sha512-f8KcQ1D80V7RnqVm+/lirO9zkOxjGxhaTC1IPrBGd3MEfNgmNG67tSUO9gTi2F3Blr2Az6g1vocaxzkVnWl9MA==",
			"dev": true,
			"funding": {
				"type": "github",
				"url": "https://github.com/sponsors/wooorm"
			}
		},
		"node_modules/is-core-module": {
			"version": "2.11.0",
			"resolved": "https://registry.npmjs.org/is-core-module/-/is-core-module-2.11.0.tgz",
			"integrity": "sha512-RRjxlvLDkD1YJwDbroBHMb+cukurkDWNyHx7D3oNB5x9rb5ogcksMC5wHCadcXoo67gVr/+3GFySh3134zi6rw==",
			"dependencies": {
				"has": "^1.0.3"
			},
			"funding": {
				"url": "https://github.com/sponsors/ljharb"
			}
		},
		"node_modules/jose": {
			"version": "4.13.1",
			"resolved": "https://registry.npmjs.org/jose/-/jose-4.13.1.tgz",
			"integrity": "sha512-MSJQC5vXco5Br38mzaQKiq9mwt7lwj2eXpgpRyQYNHYt2lq1PjkWa7DLXX0WVcQLE9HhMh3jPiufS7fhJf+CLQ==",
			"funding": {
				"url": "https://github.com/sponsors/panva"
			}
		},
		"node_modules/jspdf": {
			"version": "2.5.1",
			"resolved": "https://registry.npmjs.org/jspdf/-/jspdf-2.5.1.tgz",
			"integrity": "sha512-hXObxz7ZqoyhxET78+XR34Xu2qFGrJJ2I2bE5w4SM8eFaFEkW2xcGRVUss360fYelwRSid/jT078kbNvmoW0QA==",
			"dependencies": {
				"@babel/runtime": "^7.14.0",
				"atob": "^2.1.2",
				"btoa": "^1.2.1",
				"fflate": "^0.4.8"
			},
			"optionalDependencies": {
				"canvg": "^3.0.6",
				"core-js": "^3.6.0",
				"dompurify": "^2.2.0",
				"html2canvas": "^1.0.0-rc.5"
			}
		},
		"node_modules/kleur": {
			"version": "4.1.5",
			"resolved": "https://registry.npmjs.org/kleur/-/kleur-4.1.5.tgz",
			"integrity": "sha512-o+NO+8WrRiQEE4/7nwRJhN1HWpVmJm511pBHUxPLtp0BUISzlBplORYSmTclCnJvQq2tKu/sgl3xVpkc7ZWuQQ==",
			"engines": {
				"node": ">=6"
			}
		},
		"node_modules/magic-string": {
			"version": "0.30.0",
			"resolved": "https://registry.npmjs.org/magic-string/-/magic-string-0.30.0.tgz",
			"integrity": "sha512-LA+31JYDJLs82r2ScLrlz1GjSgu66ZV518eyWT+S8VhyQn/JL0u9MeBOvQMGYiPk1DBiSN9DDMOcXvigJZaViQ==",
			"dependencies": {
				"@jridgewell/sourcemap-codec": "^1.4.13"
			},
			"engines": {
				"node": ">=12"
			}
		},
		"node_modules/mime": {
			"version": "3.0.0",
			"resolved": "https://registry.npmjs.org/mime/-/mime-3.0.0.tgz",
			"integrity": "sha512-jSCU7/VB1loIWBZe14aEYHU/+1UMEHoaO7qxCOVJOw9GgH72VAWppxNcjU+x9a2k3GSIBXNKxXQFqRvvZ7vr3A==",
			"bin": {
				"mime": "cli.js"
			},
			"engines": {
				"node": ">=10.0.0"
			}
		},
		"node_modules/mri": {
			"version": "1.2.0",
			"resolved": "https://registry.npmjs.org/mri/-/mri-1.2.0.tgz",
			"integrity": "sha512-tzzskb3bG8LvYGFF/mDTpq3jpI6Q9wc3LEmBaghu+DdCssd1FakN7Bc0hVNmEyGq1bq3RgfkCb3cmQLpNPOroA==",
			"engines": {
				"node": ">=4"
			}
		},
		"node_modules/mrmime": {
			"version": "1.0.1",
			"resolved": "https://registry.npmjs.org/mrmime/-/mrmime-1.0.1.tgz",
			"integrity": "sha512-hzzEagAgDyoU1Q6yg5uI+AorQgdvMCur3FcKf7NhMKWsaYg+RnbTyHRa/9IlLF9rf455MOCtcqqrQQ83pPP7Uw==",
			"engines": {
				"node": ">=10"
			}
		},
		"node_modules/ms": {
			"version": "2.1.2",
			"resolved": "https://registry.npmjs.org/ms/-/ms-2.1.2.tgz",
			"integrity": "sha512-sGkPx+VjMtmA6MX27oA4FBFELFCZZ4S4XqeGOXCv68tT+jb3vk/RyaKWP0PTKyWtmLSM0b+adUTEvbs1PEaH2w=="
		},
		"node_modules/nanoid": {
			"version": "3.3.6",
			"resolved": "https://registry.npmjs.org/nanoid/-/nanoid-3.3.6.tgz",
			"integrity": "sha512-BGcqMMJuToF7i1rt+2PWSNVnWIkGCU78jBG3RxO/bZlnZPK2Cmi2QaffxGO/2RvWi9sL+FAiRiXMgsyxQ1DIDA==",
			"funding": [
				{
					"type": "github",
					"url": "https://github.com/sponsors/ai"
				}
			],
			"bin": {
				"nanoid": "bin/nanoid.cjs"
			},
			"engines": {
				"node": "^10 || ^12 || ^13.7 || ^14 || >=15.0.1"
			}
		},
		"node_modules/oauth4webapi": {
			"version": "2.2.0",
			"resolved": "https://registry.npmjs.org/oauth4webapi/-/oauth4webapi-2.2.0.tgz",
			"integrity": "sha512-yHJIXtjeQil8BfBvu0PUu38a2DNPOPcEOhzNdg/HytfKPGQk1hTg5j94zZ3bon9YBIAhW5PSmFv+n6bqq0v0uQ==",
			"funding": {
				"url": "https://github.com/sponsors/panva"
			}
		},
		"node_modules/path-parse": {
			"version": "1.0.7",
			"resolved": "https://registry.npmjs.org/path-parse/-/path-parse-1.0.7.tgz",
			"integrity": "sha512-LDJzPVEEEPR+y48z93A0Ed0yXb8pAByGWo/k5YYdYgpY2/2EsOsksJrq7lOHxryrVOn1ejG6oAp8ahvOIQD8sw=="
		},
		"node_modules/performance-now": {
			"version": "2.1.0",
			"resolved": "https://registry.npmjs.org/performance-now/-/performance-now-2.1.0.tgz",
			"integrity": "sha512-7EAHlyLHI56VEIdK57uwHdHKIaAGbnXPiw0yWbarQZOKaKpvUIgW0jWRVLiatnM+XXlSwsanIBH/hzGMJulMow==",
			"optional": true
		},
		"node_modules/picocolors": {
			"version": "1.0.0",
			"resolved": "https://registry.npmjs.org/picocolors/-/picocolors-1.0.0.tgz",
			"integrity": "sha512-1fygroTLlHu66zi26VoTDv8yRgm0Fccecssto+MhsZ0D/DGW2sm8E8AjW7NU5VVTRt5GxbeZ5qBuJr+HyLYkjQ=="
		},
		"node_modules/postcss": {
			"version": "8.4.21",
			"resolved": "https://registry.npmjs.org/postcss/-/postcss-8.4.21.tgz",
			"integrity": "sha512-tP7u/Sn/dVxK2NnruI4H9BG+x+Wxz6oeZ1cJ8P6G/PZY0IKk4k/63TDsQf2kQq3+qoJeLm2kIBUNlZe3zgb4Zg==",
			"funding": [
				{
					"type": "opencollective",
					"url": "https://opencollective.com/postcss/"
				},
				{
					"type": "tidelift",
					"url": "https://tidelift.com/funding/github/npm/postcss"
				}
			],
			"dependencies": {
				"nanoid": "^3.3.4",
				"picocolors": "^1.0.0",
				"source-map-js": "^1.0.2"
			},
			"engines": {
				"node": "^10 || ^12 || >=14"
			}
		},
		"node_modules/preact": {
			"version": "10.11.3",
			"resolved": "https://registry.npmjs.org/preact/-/preact-10.11.3.tgz",
			"integrity": "sha512-eY93IVpod/zG3uMF22Unl8h9KkrcKIRs2EGar8hwLZZDU1lkjph303V9HZBwufh2s736U6VXuhD109LYqPoffg==",
			"funding": {
				"type": "opencollective",
				"url": "https://opencollective.com/preact"
			}
		},
		"node_modules/preact-render-to-string": {
			"version": "5.2.3",
			"resolved": "https://registry.npmjs.org/preact-render-to-string/-/preact-render-to-string-5.2.3.tgz",
			"integrity": "sha512-aPDxUn5o3GhWdtJtW0svRC2SS/l8D9MAgo2+AWml+BhDImb27ALf04Q2d+AHqUUOc6RdSXFIBVa2gxzgMKgtZA==",
			"dependencies": {
				"pretty-format": "^3.8.0"
			},
			"peerDependencies": {
				"preact": ">=10"
			}
		},
		"node_modules/prettier": {
			"version": "2.8.7",
			"resolved": "https://registry.npmjs.org/prettier/-/prettier-2.8.7.tgz",
			"integrity": "sha512-yPngTo3aXUUmyuTjeTUT75txrf+aMh9FiD7q9ZE/i6r0bPb22g4FsE6Y338PQX1bmfy08i9QQCB7/rcUAVntfw==",
			"dev": true,
			"bin": {
				"prettier": "bin-prettier.js"
			},
			"engines": {
				"node": ">=10.13.0"
			},
			"funding": {
				"url": "https://github.com/prettier/prettier?sponsor=1"
			}
		},
		"node_modules/prettier-plugin-svelte": {
			"version": "2.10.0",
			"resolved": "https://registry.npmjs.org/prettier-plugin-svelte/-/prettier-plugin-svelte-2.10.0.tgz",
			"integrity": "sha512-GXMY6t86thctyCvQq+jqElO+MKdB09BkL3hexyGP3Oi8XLKRFaJP1ud/xlWCZ9ZIa2BxHka32zhHfcuU+XsRQg==",
			"dev": true,
			"peerDependencies": {
				"prettier": "^1.16.4 || ^2.0.0",
				"svelte": "^3.2.0"
			}
		},
		"node_modules/pretty-format": {
			"version": "3.8.0",
			"resolved": "https://registry.npmjs.org/pretty-format/-/pretty-format-3.8.0.tgz",
			"integrity": "sha512-WuxUnVtlWL1OfZFQFuqvnvs6MiAGk9UNsBostyBOB0Is9wb5uRESevA6rnl/rkksXaGX3GzZhPup5d6Vp1nFew=="
		},
		"node_modules/raf": {
			"version": "3.4.1",
			"resolved": "https://registry.npmjs.org/raf/-/raf-3.4.1.tgz",
			"integrity": "sha512-Sq4CW4QhwOHE8ucn6J34MqtZCeWFP2aQSmrlroYgqAV1PjStIhJXxYuTgUIfkEk7zTLjmIjLmU5q+fbD1NnOJA==",
			"optional": true,
			"dependencies": {
				"performance-now": "^2.1.0"
			}
		},
		"node_modules/regenerator-runtime": {
			"version": "0.13.11",
			"resolved": "https://registry.npmjs.org/regenerator-runtime/-/regenerator-runtime-0.13.11.tgz",
			"integrity": "sha512-kY1AZVr2Ra+t+piVaJ4gxaFaReZVH40AKNo7UCX6W+dEwBo/2oZJzqfuN1qLq1oL45o56cPaTXELwrTh8Fpggg=="
		},
		"node_modules/resolve": {
			"version": "1.22.1",
			"resolved": "https://registry.npmjs.org/resolve/-/resolve-1.22.1.tgz",
			"integrity": "sha512-nBpuuYuY5jFsli/JIs1oldw6fOQCBioohqWZg/2hiaOybXOft4lonv85uDOKXdf8rhyK159cxU5cDcK/NKk8zw==",
			"dependencies": {
				"is-core-module": "^2.9.0",
				"path-parse": "^1.0.7",
				"supports-preserve-symlinks-flag": "^1.0.0"
			},
			"bin": {
				"resolve": "bin/resolve"
			},
			"funding": {
				"url": "https://github.com/sponsors/ljharb"
			}
		},
		"node_modules/rgbcolor": {
			"version": "1.0.1",
			"resolved": "https://registry.npmjs.org/rgbcolor/-/rgbcolor-1.0.1.tgz",
			"integrity": "sha512-9aZLIrhRaD97sgVhtJOW6ckOEh6/GnvQtdVNfdZ6s67+3/XwLS9lBcQYzEEhYVeUowN7pRzMLsyGhK2i/xvWbw==",
			"optional": true,
			"engines": {
				"node": ">= 0.8.15"
			}
		},
		"node_modules/rollup": {
			"version": "3.20.2",
			"resolved": "https://registry.npmjs.org/rollup/-/rollup-3.20.2.tgz",
			"integrity": "sha512-3zwkBQl7Ai7MFYQE0y1MeQ15+9jsi7XxfrqwTb/9EK8D9C9+//EBR4M+CuA1KODRaNbFez/lWxA5vhEGZp4MUg==",
			"bin": {
				"rollup": "dist/bin/rollup"
			},
			"engines": {
				"node": ">=14.18.0",
				"npm": ">=8.0.0"
			},
			"optionalDependencies": {
				"fsevents": "~2.3.2"
			}
		},
		"node_modules/sade": {
			"version": "1.8.1",
			"resolved": "https://registry.npmjs.org/sade/-/sade-1.8.1.tgz",
			"integrity": "sha512-xal3CZX1Xlo/k4ApwCFrHVACi9fBqJ7V+mwhBsuf/1IOKbBy098Fex+Wa/5QMubw09pSZ/u8EY8PWgevJsXp1A==",
			"dependencies": {
				"mri": "^1.1.0"
			},
			"engines": {
				"node": ">=6"
			}
		},
		"node_modules/set-cookie-parser": {
			"version": "2.6.0",
			"resolved": "https://registry.npmjs.org/set-cookie-parser/-/set-cookie-parser-2.6.0.tgz",
			"integrity": "sha512-RVnVQxTXuerk653XfuliOxBP81Sf0+qfQE73LIYKcyMYHG94AuH0kgrQpRDuTZnSmjpysHmzxJXKNfa6PjFhyQ=="
		},
		"node_modules/sirv": {
			"version": "2.0.2",
			"resolved": "https://registry.npmjs.org/sirv/-/sirv-2.0.2.tgz",
			"integrity": "sha512-4Qog6aE29nIjAOKe/wowFTxOdmbEZKb+3tsLljaBRzJwtqto0BChD2zzH0LhgCSXiI+V7X+Y45v14wBZQ1TK3w==",
			"dependencies": {
				"@polka/url": "^1.0.0-next.20",
				"mrmime": "^1.0.0",
				"totalist": "^3.0.0"
			},
			"engines": {
				"node": ">= 10"
			}
		},
		"node_modules/source-map-js": {
			"version": "1.0.2",
			"resolved": "https://registry.npmjs.org/source-map-js/-/source-map-js-1.0.2.tgz",
			"integrity": "sha512-R0XvVJ9WusLiqTCEiGCmICCMplcCkIwwR11mOSD9CR5u+IXYdiseeEuXCVAjS54zqwkLcPNnmU4OeJ6tUrWhDw==",
			"engines": {
				"node": ">=0.10.0"
			}
		},
		"node_modules/stackblur-canvas": {
			"version": "2.5.0",
			"resolved": "https://registry.npmjs.org/stackblur-canvas/-/stackblur-canvas-2.5.0.tgz",
			"integrity": "sha512-EeNzTVfj+1In7aSLPKDD03F/ly4RxEuF/EX0YcOG0cKoPXs+SLZxDawQbexQDBzwROs4VKLWTOaZQlZkGBFEIQ==",
			"optional": true,
			"engines": {
				"node": ">=0.1.14"
			}
		},
		"node_modules/streamsearch": {
			"version": "1.1.0",
			"resolved": "https://registry.npmjs.org/streamsearch/-/streamsearch-1.1.0.tgz",
			"integrity": "sha512-Mcc5wHehp9aXz1ax6bZUyY5afg9u2rv5cqQI3mRrYkGC8rW2hM02jWuwjtL++LS5qinSyhj2QfLyNsuc+VsExg==",
			"engines": {
				"node": ">=10.0.0"
			}
		},
		"node_modules/supports-preserve-symlinks-flag": {
			"version": "1.0.0",
			"resolved": "https://registry.npmjs.org/supports-preserve-symlinks-flag/-/supports-preserve-symlinks-flag-1.0.0.tgz",
			"integrity": "sha512-ot0WnXS9fgdkgIcePe6RHNk1WA8+muPa6cSjeR3V8K27q9BB1rTE3R1p7Hv0z1ZyAc8s6Vvv8DIyWf681MAt0w==",
			"engines": {
				"node": ">= 0.4"
			},
			"funding": {
				"url": "https://github.com/sponsors/ljharb"
			}
		},
		"node_modules/svelte": {
			"version": "3.57.0",
			"resolved": "https://registry.npmjs.org/svelte/-/svelte-3.57.0.tgz",
			"integrity": "sha512-WMXEvF+RtAaclw0t3bPDTUe19pplMlfyKDsixbHQYgCWi9+O9VN0kXU1OppzrB9gPAvz4NALuoca2LfW2bOjTQ==",
			"engines": {
				"node": ">= 8"
			}
		},
		"node_modules/svelte-hmr": {
			"version": "0.15.1",
			"resolved": "https://registry.npmjs.org/svelte-hmr/-/svelte-hmr-0.15.1.tgz",
			"integrity": "sha512-BiKB4RZ8YSwRKCNVdNxK/GfY+r4Kjgp9jCLEy0DuqAKfmQtpL38cQK3afdpjw4sqSs4PLi3jIPJIFp259NkZtA==",
			"engines": {
				"node": "^12.20 || ^14.13.1 || >= 16"
			},
			"peerDependencies": {
				"svelte": ">=3.19.0"
			}
		},
		"node_modules/svg-pathdata": {
			"version": "6.0.3",
			"resolved": "https://registry.npmjs.org/svg-pathdata/-/svg-pathdata-6.0.3.tgz",
			"integrity": "sha512-qsjeeq5YjBZ5eMdFuUa4ZosMLxgr5RZ+F+Y1OrDhuOCEInRMA3x74XdBtggJcj9kOeInz0WE+LgCPDkZFlBYJw==",
			"optional": true,
			"engines": {
				"node": ">=12.0.0"
			}
		},
		"node_modules/text-segmentation": {
			"version": "1.0.3",
			"resolved": "https://registry.npmjs.org/text-segmentation/-/text-segmentation-1.0.3.tgz",
			"integrity": "sha512-iOiPUo/BGnZ6+54OsWxZidGCsdU8YbE4PSpdPinp7DeMtUJNJBoJ/ouUSTJjHkh1KntHaltHl/gDs2FC4i5+Nw==",
			"optional": true,
			"dependencies": {
				"utrie": "^1.0.2"
			}
		},
		"node_modules/tiny-glob": {
			"version": "0.2.9",
			"resolved": "https://registry.npmjs.org/tiny-glob/-/tiny-glob-0.2.9.tgz",
			"integrity": "sha512-g/55ssRPUjShh+xkfx9UPDXqhckHEsHr4Vd9zX55oSdGZc/MD0m3sferOkwWtp98bv+kcVfEHtRJgBVJzelrzg==",
			"dependencies": {
				"globalyzer": "0.1.0",
				"globrex": "^0.1.2"
			}
		},
		"node_modules/totalist": {
			"version": "3.0.0",
			"resolved": "https://registry.npmjs.org/totalist/-/totalist-3.0.0.tgz",
			"integrity": "sha512-eM+pCBxXO/njtF7vdFsHuqb+ElbxqtI4r5EAvk6grfAFyJ6IvWlSkfZ5T9ozC6xWw3Fj1fGoSmrl0gUs46JVIw==",
			"engines": {
				"node": ">=6"
			}
		},
		"node_modules/undici": {
			"version": "5.20.0",
			"resolved": "https://registry.npmjs.org/undici/-/undici-5.20.0.tgz",
			"integrity": "sha512-J3j60dYzuo6Eevbawwp1sdg16k5Tf768bxYK4TUJRH7cBM4kFCbf3mOnM/0E3vQYXvpxITbbWmBafaDbxLDz3g==",
			"dependencies": {
				"busboy": "^1.6.0"
			},
			"engines": {
				"node": ">=12.18"
			}
		},
		"node_modules/utrie": {
			"version": "1.0.2",
			"resolved": "https://registry.npmjs.org/utrie/-/utrie-1.0.2.tgz",
			"integrity": "sha512-1MLa5ouZiOmQzUbjbu9VmjLzn1QLXBhwpUa7kdLUQK+KQ5KA9I1vk5U4YHe/X2Ch7PYnJfWuWT+VbuxbGwljhw==",
			"optional": true,
			"dependencies": {
				"base64-arraybuffer": "^1.0.2"
			}
		},
		"node_modules/vite": {
			"version": "4.2.1",
			"resolved": "https://registry.npmjs.org/vite/-/vite-4.2.1.tgz",
			"integrity": "sha512-7MKhqdy0ISo4wnvwtqZkjke6XN4taqQ2TBaTccLIpOKv7Vp2h4Y+NpmWCnGDeSvvn45KxvWgGyb0MkHvY1vgbg==",
			"dependencies": {
				"esbuild": "^0.17.5",
				"postcss": "^8.4.21",
				"resolve": "^1.22.1",
				"rollup": "^3.18.0"
			},
			"bin": {
				"vite": "bin/vite.js"
			},
			"engines": {
				"node": "^14.18.0 || >=16.0.0"
			},
			"optionalDependencies": {
				"fsevents": "~2.3.2"
			},
			"peerDependencies": {
				"@types/node": ">= 14",
				"less": "*",
				"sass": "*",
				"stylus": "*",
				"sugarss": "*",
				"terser": "^5.4.0"
			},
			"peerDependenciesMeta": {
				"@types/node": {
					"optional": true
				},
				"less": {
					"optional": true
				},
				"sass": {
					"optional": true
				},
				"stylus": {
					"optional": true
				},
				"sugarss": {
					"optional": true
				},
				"terser": {
					"optional": true
				}
			}
		},
		"node_modules/vitefu": {
			"version": "0.2.4",
			"resolved": "https://registry.npmjs.org/vitefu/-/vitefu-0.2.4.tgz",
			"integrity": "sha512-fanAXjSaf9xXtOOeno8wZXIhgia+CZury481LsDaV++lSvcU2R9Ch2bPh3PYFyoHW+w9LqAeYRISVQjUIew14g==",
			"peerDependencies": {
				"vite": "^3.0.0 || ^4.0.0"
			},
			"peerDependenciesMeta": {
				"vite": {
					"optional": true
				}
			}
		}
	}
}
